# THIS IS AN AUTOGENERATED FILE. DO NOT EDIT THIS FILE DIRECTLY.
# yarn lockfile v1


"@bower_components/theme-gcweb@https://github.com/wet-boew/themes-cdn/archive/v4.0.28.1-gcweb.tar.gz":
  version "0.0.0"
  resolved "https://github.com/wet-boew/themes-cdn/archive/v4.0.28.1-gcweb.tar.gz#c24dc14bc3989e958f30cf5e5e2fcf613f100575"

"@bower_components/theme-wet-boew@https://github.com/wet-boew/themes-cdn/archive/v4.0.28.1-theme-wet-boew.tar.gz":
  version "0.0.0"
  resolved "https://github.com/wet-boew/themes-cdn/archive/v4.0.28.1-theme-wet-boew.tar.gz#7a06eabea3e78539249d23ea0cf247e7ffefc04b"

"@bower_components/wet-boew@wet-boew/wet-boew-cdn#v4.0.28.1":
  version "0.0.0"
  resolved "https://codeload.github.com/wet-boew/wet-boew-cdn/tar.gz/abe7f5580e8f810d55b8f7473760228be7754a60"
